
Microsoft Visual Studio Solution File, Format Version 12.00
# Visual Studio Version 16
VisualStudioVersion = 16.0.29911.84
MinimumVisualStudioVersion = 10.0.40219.1
Project("{FAE04EC0-301F-11D3-BF4B-00C04F79EFBC}") = "ExpressionRules", "ExpressionRules\ExpressionRules.csproj", "{772E00E1-1F62-4E91-9881-54FA4E6D4F65}"
EndProject
Project("{FAE04EC0-301F-11D3-BF4B-00C04F79EFBC}") = "ExpressionRuleTest", "ExpressionRuleTest\ExpressionRuleTest.csproj", "{BCF6DA9C-6385-45AE-B687-50EDEF3F719D}"
EndProject
Global
	GlobalSection(SolutionConfigurationPlatforms) = preSolution
		Debug|Any CPU = Debug|Any CPU
		Release|Any CPU = Release|Any CPU
	EndGlobalSection
	GlobalSection(ProjectConfigurationPlatforms) = postSolution
		{772E00E1-1F62-4E91-9881-54FA4E6D4F65}.Debug|Any CPU.ActiveCfg = Debug|Any CPU
		{772E00E1-1F62-4E91-9881-54FA4E6D4F65}.Debug|Any CPU.Build.0 = Debug|Any CPU
		{772E00E1-1F62-4E91-9881-54FA4E6D4F65}.Release|Any CPU.ActiveCfg = Release|Any CPU
		{772E00E1-1F62-4E91-9881-54FA4E6D4F65}.Release|Any CPU.Build.0 = Release|Any CPU
		{BCF6DA9C-6385-45AE-B687-50EDEF3F719D}.Debug|Any CPU.ActiveCfg = Debug|Any CPU
		{BCF6DA9C-6385-45AE-B687-50EDEF3F719D}.Debug|Any CPU.Build.0 = Debug|Any CPU
		{BCF6DA9C-6385-45AE-B687-50EDEF3F719D}.Release|Any CPU.ActiveCfg = Release|Any CPU
		{BCF6DA9C-6385-45AE-B687-50EDEF3F719D}.Release|Any CPU.Build.0 = Release|Any CPU
	EndGlobalSection
	GlobalSection(SolutionProperties) = preSolution
		HideSolutionNode = FALSE
	EndGlobalSection
	GlobalSection(ExtensibilityGlobals) = postSolution
		SolutionGuid = {ADA33107-5342-4078-A771-9287FB2BBEE0}
	EndGlobalSection
EndGlobal
